{
  "name": "Urwaldroute",
  "lockfileVersion": 2,
  "requires": true,
  "packages": {
    "": {
      "dependencies": {
        "@types/google.maps": "^3.54.9"
      }
    },
    "node_modules/@types/google.maps": {
      "version": "3.54.9",
      "resolved": "https://registry.npmjs.org/@types/google.maps/-/google.maps-3.54.9.tgz",
      "integrity": "sha512-kovzglL9eC/zsMnhIpBsiuUDPwhNsRDQzjtKDHZ3D4lYHi7l7IgZPE8/yz+I4Wb96cQXkz2W0DcOiF5RaNPovA=="
    }
  },
  "dependencies": {
    "@types/google.maps": {
      "version": "3.54.9",
      "resolved": "https://registry.npmjs.org/@types/google.maps/-/google.maps-3.54.9.tgz",
      "integrity": "sha512-kovzglL9eC/zsMnhIpBsiuUDPwhNsRDQzjtKDHZ3D4lYHi7l7IgZPE8/yz+I4Wb96cQXkz2W0DcOiF5RaNPovA=="
    }
  }
}
