{
  "name": "jungle-book-frontend",
  "lockfileVersion": 3,
  "requires": true,
  "packages": {
    "": {
      "dependencies": {
        "@types/google.maps": "^3.54.9",
        "keycloak-js": "^26.1.4"
      }
    },
    "node_modules/@types/google.maps": {
      "version": "3.58.1",
      "resolved": "https://registry.npmjs.org/@types/google.maps/-/google.maps-3.58.1.tgz",
      "integrity": "sha512-X9QTSvGJ0nCfMzYOnaVs/k6/4L+7F5uCS+4iUmkLEls6J9S/Phv+m/i3mDeyc49ZBgwab3EFO1HEoBY7k98EGQ==",
      "license": "MIT"
    },
    "node_modules/keycloak-js": {
      "version": "26.1.4",
      "resolved": "https://registry.npmjs.org/keycloak-js/-/keycloak-js-26.1.4.tgz",
      "integrity": "sha512-4h2RicCzIAtsjKIG8DIO+8NKlpWX2fiNkbS0jlbtjZFbIGGjbQBzjS/5NkyWlzxamXVow9prHTIgIiwfo3GAmQ==",
      "license": "Apache-2.0"
    }
  }
}
